// !$*UTF8*$!
{
	archiveVersion = 1;
	classes = {
	};
	objectVersion = 50;
	objects = {

/* Begin PBXBuildFile section */
		640AD1DA26FC82E400410895 /* CountryDetailsViewController.swift in Sources */ = {isa = PBXBuildFile; fileRef = 640AD1D926FC82E400410895 /* CountryDetailsViewController.swift */; };
		640AD1DD26FC830600410895 /* CountryDetailsViewModel.swift in Sources */ = {isa = PBXBuildFile; fileRef = 640AD1DC26FC830600410895 /* CountryDetailsViewModel.swift */; };
		640AD1E526FCA53700410895 /* LoadingView.swift in Sources */ = {isa = PBXBuildFile; fileRef = 640AD1E426FCA53700410895 /* LoadingView.swift */; };
		640AD1EE26FCC9A100410895 /* RetryErrorView.swift in Sources */ = {isa = PBXBuildFile; fileRef = 640AD1ED26FCC9A100410895 /* RetryErrorView.swift */; };
		6446D43A272F19E400773B2C /* CountryDetailsViewController+View.swift in Sources */ = {isa = PBXBuildFile; fileRef = 6446D439272F19E400773B2C /* CountryDetailsViewController+View.swift */; };
		6446D43E272F383500773B2C /* PersistenceError.swift in Sources */ = {isa = PBXBuildFile; fileRef = 6446D43D272F383500773B2C /* PersistenceError.swift */; };
		6446D46A272F6CE400773B2C /* KontryError.swift in Sources */ = {isa = PBXBuildFile; fileRef = 6446D469272F6CE400773B2C /* KontryError.swift */; };
		6446D470272F812500773B2C /* Extension+UITraitCollection.swift in Sources */ = {isa = PBXBuildFile; fileRef = 6446D46F272F812500773B2C /* Extension+UITraitCollection.swift */; };
		6446D475272F814900773B2C /* Extension+Array.swift in Sources */ = {isa = PBXBuildFile; fileRef = 6446D474272F814900773B2C /* Extension+Array.swift */; };
		6446D478272F816000773B2C /* Extension+String.swift in Sources */ = {isa = PBXBuildFile; fileRef = 6446D477272F816000773B2C /* Extension+String.swift */; };
		6446D47D272F818F00773B2C /* Extension+NSSet.swift in Sources */ = {isa = PBXBuildFile; fileRef = 6446D47C272F818F00773B2C /* Extension+NSSet.swift */; };
		644B8A9426C2C2F20078C727 /* CountryDetailsModel.swift in Sources */ = {isa = PBXBuildFile; fileRef = 644B8A9326C2C2F20078C727 /* CountryDetailsModel.swift */; };
		644B8A9926C2D4EA0078C727 /* CountryListViewModel.swift in Sources */ = {isa = PBXBuildFile; fileRef = 644B8A9826C2D4EA0078C727 /* CountryListViewModel.swift */; };
		644B8A9F26C2F3170078C727 /* CountryModel.swift in Sources */ = {isa = PBXBuildFile; fileRef = 644B8A9E26C2F3170078C727 /* CountryModel.swift */; };
		6455089E26D44D3D00796628 /* RestCountriesSource.swift in Sources */ = {isa = PBXBuildFile; fileRef = 6455089D26D44D3D00796628 /* RestCountriesSource.swift */; };
		645508A426D7400800796628 /* CountryCell.swift in Sources */ = {isa = PBXBuildFile; fileRef = 645508A226D7400800796628 /* CountryCell.swift */; };
		647E0E852711788B00628198 /* CoreDataStack.swift in Sources */ = {isa = PBXBuildFile; fileRef = 647E0E842711788B00628198 /* CoreDataStack.swift */; };
		647E0E8827117A2B00628198 /* CoreDataSource.swift in Sources */ = {isa = PBXBuildFile; fileRef = 647E0E8727117A2B00628198 /* CoreDataSource.swift */; };
		647E0E8C27117A7600628198 /* Kontry.xcdatamodeld in Sources */ = {isa = PBXBuildFile; fileRef = 647E0E8A27117A7600628198 /* Kontry.xcdatamodeld */; };
		647FCB1427244DBB00402522 /* TheCountriesRepository.swift in Sources */ = {isa = PBXBuildFile; fileRef = 647FCB1327244DBB00402522 /* TheCountriesRepository.swift */; };
		647FCB1A27244F8400402522 /* CountriesRepository.swift in Sources */ = {isa = PBXBuildFile; fileRef = 647FCB1927244F8400402522 /* CountriesRepository.swift */; };
		647FCB1E2724527400402522 /* CountryDto.swift in Sources */ = {isa = PBXBuildFile; fileRef = 647FCB1D2724527400402522 /* CountryDto.swift */; };
		647FCB222724770000402522 /* FlagsRepository.swift in Sources */ = {isa = PBXBuildFile; fileRef = 647FCB212724770000402522 /* FlagsRepository.swift */; };
		647FCB252724771F00402522 /* TheFlagsRepository.swift in Sources */ = {isa = PBXBuildFile; fileRef = 647FCB242724771F00402522 /* TheFlagsRepository.swift */; };
		647FCB282724781000402522 /* CountryDetailsDto.swift in Sources */ = {isa = PBXBuildFile; fileRef = 647FCB272724781000402522 /* CountryDetailsDto.swift */; };
		647FCB2D272484FB00402522 /* VisibilityViewModel.swift in Sources */ = {isa = PBXBuildFile; fileRef = 647FCB2C272484FA00402522 /* VisibilityViewModel.swift */; };
		64868F17272F882400C9E3B6 /* RetryDelegate.swift in Sources */ = {isa = PBXBuildFile; fileRef = 64868F16272F882400C9E3B6 /* RetryDelegate.swift */; };
		64868F1B272F884400C9E3B6 /* NavigateBackDelegate.swift in Sources */ = {isa = PBXBuildFile; fileRef = 64868F1A272F884400C9E3B6 /* NavigateBackDelegate.swift */; };
		6493405326F0A1BC0090F826 /* FlagViewModel.swift in Sources */ = {isa = PBXBuildFile; fileRef = 6493405226F0A1BC0090F826 /* FlagViewModel.swift */; };
		6496025527217B9B00261A42 /* RemoteCountriesSource.swift in Sources */ = {isa = PBXBuildFile; fileRef = 6496025427217B9B00261A42 /* RemoteCountriesSource.swift */; };
		6496025927217DD200261A42 /* LocalPersistenceSource.swift in Sources */ = {isa = PBXBuildFile; fileRef = 6496025827217DD200261A42 /* LocalPersistenceSource.swift */; };
		6496025D2721846500261A42 /* RemoteFlagsSource.swift in Sources */ = {isa = PBXBuildFile; fileRef = 6496025C2721846500261A42 /* RemoteFlagsSource.swift */; };
		64C894AA2703CD0500920812 /* FlagPediaSource.swift in Sources */ = {isa = PBXBuildFile; fileRef = 64C894A92703CD0500920812 /* FlagPediaSource.swift */; };
		64C894D62704D25100920812 /* RatioConstrainedImageView.swift in Sources */ = {isa = PBXBuildFile; fileRef = 64C894D52704D25100920812 /* RatioConstrainedImageView.swift */; };
		64C894D92704DCB800920812 /* DetailFlagImageView.swift in Sources */ = {isa = PBXBuildFile; fileRef = 64C894D82704DCB800920812 /* DetailFlagImageView.swift */; };
		64C894E52706492C00920812 /* DetailView.swift in Sources */ = {isa = PBXBuildFile; fileRef = 64C894E42706492C00920812 /* DetailView.swift */; };
		64C894E827064ECD00920812 /* Assets.swift in Sources */ = {isa = PBXBuildFile; fileRef = 64C894E727064ECD00920812 /* Assets.swift */; };
		64C895012707B2C400920812 /* Constants.swift in Sources */ = {isa = PBXBuildFile; fileRef = 64C895002707B2C400920812 /* Constants.swift */; };
		64C94039272F027A00E68789 /* CountryListViewController+View.swift in Sources */ = {isa = PBXBuildFile; fileRef = 64C94038272F027A00E68789 /* CountryListViewController+View.swift */; };
		64D9CEB5271FF54900A53794 /* DetailsEntity+CoreDataClass.swift in Sources */ = {isa = PBXBuildFile; fileRef = 64D9CEAD271FF54900A53794 /* DetailsEntity+CoreDataClass.swift */; };
		64D9CEB6271FF54900A53794 /* DetailsEntity+CoreDataProperties.swift in Sources */ = {isa = PBXBuildFile; fileRef = 64D9CEAE271FF54900A53794 /* DetailsEntity+CoreDataProperties.swift */; };
		64D9CEB7271FF54900A53794 /* FlagEntity+CoreDataClass.swift in Sources */ = {isa = PBXBuildFile; fileRef = 64D9CEAF271FF54900A53794 /* FlagEntity+CoreDataClass.swift */; };
		64D9CEB8271FF54900A53794 /* FlagEntity+CoreDataProperties.swift in Sources */ = {isa = PBXBuildFile; fileRef = 64D9CEB0271FF54900A53794 /* FlagEntity+CoreDataProperties.swift */; };
		64D9CEB9271FF54900A53794 /* LanguageEntity+CoreDataClass.swift in Sources */ = {isa = PBXBuildFile; fileRef = 64D9CEB1271FF54900A53794 /* LanguageEntity+CoreDataClass.swift */; };
		64D9CEBA271FF54900A53794 /* LanguageEntity+CoreDataProperties.swift in Sources */ = {isa = PBXBuildFile; fileRef = 64D9CEB2271FF54900A53794 /* LanguageEntity+CoreDataProperties.swift */; };
		64D9CEBB271FF54900A53794 /* CurrencyEntity+CoreDataClass.swift in Sources */ = {isa = PBXBuildFile; fileRef = 64D9CEB3271FF54900A53794 /* CurrencyEntity+CoreDataClass.swift */; };
		64D9CEBC271FF54900A53794 /* CurrencyEntity+CoreDataProperties.swift in Sources */ = {isa = PBXBuildFile; fileRef = 64D9CEB4271FF54900A53794 /* CurrencyEntity+CoreDataProperties.swift */; };
		64DD417D26B12CD9007E5135 /* AppDelegate.swift in Sources */ = {isa = PBXBuildFile; fileRef = 64DD417C26B12CD9007E5135 /* AppDelegate.swift */; };
		64DD417F26B12CD9007E5135 /* SceneDelegate.swift in Sources */ = {isa = PBXBuildFile; fileRef = 64DD417E26B12CD9007E5135 /* SceneDelegate.swift */; };
		64DD418426B12CD9007E5135 /* Main.storyboard in Resources */ = {isa = PBXBuildFile; fileRef = 64DD418226B12CD9007E5135 /* Main.storyboard */; };
		64DD418626B12CDC007E5135 /* Assets.xcassets in Resources */ = {isa = PBXBuildFile; fileRef = 64DD418526B12CDC007E5135 /* Assets.xcassets */; };
		64DD418926B12CDC007E5135 /* LaunchScreen.storyboard in Resources */ = {isa = PBXBuildFile; fileRef = 64DD418726B12CDC007E5135 /* LaunchScreen.storyboard */; };
		64DD419526B12F77007E5135 /* CountryListViewController.swift in Sources */ = {isa = PBXBuildFile; fileRef = 64DD419426B12F77007E5135 /* CountryListViewController.swift */; };
		64E9ECAF2700B52800578960 /* NavigationBarView.swift in Sources */ = {isa = PBXBuildFile; fileRef = 64E9ECAE2700B52700578960 /* NavigationBarView.swift */; };
/* End PBXBuildFile section */

/* Begin PBXFileReference section */
		640AD1D926FC82E400410895 /* CountryDetailsViewController.swift */ = {isa = PBXFileReference; lastKnownFileType = sourcecode.swift; path = CountryDetailsViewController.swift; sourceTree = "<group>"; };
		640AD1DC26FC830600410895 /* CountryDetailsViewModel.swift */ = {isa = PBXFileReference; lastKnownFileType = sourcecode.swift; path = CountryDetailsViewModel.swift; sourceTree = "<group>"; };
		640AD1E426FCA53700410895 /* LoadingView.swift */ = {isa = PBXFileReference; lastKnownFileType = sourcecode.swift; path = LoadingView.swift; sourceTree = "<group>"; };
		640AD1ED26FCC9A100410895 /* RetryErrorView.swift */ = {isa = PBXFileReference; lastKnownFileType = sourcecode.swift; path = RetryErrorView.swift; sourceTree = "<group>"; };
		6446D439272F19E400773B2C /* CountryDetailsViewController+View.swift */ = {isa = PBXFileReference; lastKnownFileType = sourcecode.swift; path = "CountryDetailsViewController+View.swift"; sourceTree = "<group>"; };
		6446D43D272F383500773B2C /* PersistenceError.swift */ = {isa = PBXFileReference; lastKnownFileType = sourcecode.swift; path = PersistenceError.swift; sourceTree = "<group>"; };
		6446D469272F6CE400773B2C /* KontryError.swift */ = {isa = PBXFileReference; lastKnownFileType = sourcecode.swift; path = KontryError.swift; sourceTree = "<group>"; };
		6446D46F272F812500773B2C /* Extension+UITraitCollection.swift */ = {isa = PBXFileReference; lastKnownFileType = sourcecode.swift; path = "Extension+UITraitCollection.swift"; sourceTree = "<group>"; };
		6446D474272F814900773B2C /* Extension+Array.swift */ = {isa = PBXFileReference; lastKnownFileType = sourcecode.swift; path = "Extension+Array.swift"; sourceTree = "<group>"; };
		6446D477272F816000773B2C /* Extension+String.swift */ = {isa = PBXFileReference; lastKnownFileType = sourcecode.swift; path = "Extension+String.swift"; sourceTree = "<group>"; };
		6446D47C272F818F00773B2C /* Extension+NSSet.swift */ = {isa = PBXFileReference; lastKnownFileType = sourcecode.swift; path = "Extension+NSSet.swift"; sourceTree = "<group>"; };
		644B8A9326C2C2F20078C727 /* CountryDetailsModel.swift */ = {isa = PBXFileReference; lastKnownFileType = sourcecode.swift; path = CountryDetailsModel.swift; sourceTree = "<group>"; };
		644B8A9826C2D4EA0078C727 /* CountryListViewModel.swift */ = {isa = PBXFileReference; lastKnownFileType = sourcecode.swift; path = CountryListViewModel.swift; sourceTree = "<group>"; };
		644B8A9E26C2F3170078C727 /* CountryModel.swift */ = {isa = PBXFileReference; lastKnownFileType = sourcecode.swift; path = CountryModel.swift; sourceTree = "<group>"; };
		6455089D26D44D3D00796628 /* RestCountriesSource.swift */ = {isa = PBXFileReference; lastKnownFileType = sourcecode.swift; path = RestCountriesSource.swift; sourceTree = "<group>"; };
		645508A226D7400800796628 /* CountryCell.swift */ = {isa = PBXFileReference; lastKnownFileType = sourcecode.swift; path = CountryCell.swift; sourceTree = "<group>"; };
		647E0E842711788B00628198 /* CoreDataStack.swift */ = {isa = PBXFileReference; lastKnownFileType = sourcecode.swift; path = CoreDataStack.swift; sourceTree = "<group>"; };
		647E0E8727117A2B00628198 /* CoreDataSource.swift */ = {isa = PBXFileReference; lastKnownFileType = sourcecode.swift; path = CoreDataSource.swift; sourceTree = "<group>"; };
		647E0E8B27117A7600628198 /* Kontry.xcdatamodel */ = {isa = PBXFileReference; lastKnownFileType = wrapper.xcdatamodel; path = Kontry.xcdatamodel; sourceTree = "<group>"; };
		647FCB1327244DBB00402522 /* TheCountriesRepository.swift */ = {isa = PBXFileReference; lastKnownFileType = sourcecode.swift; path = TheCountriesRepository.swift; sourceTree = "<group>"; };
		647FCB1927244F8400402522 /* CountriesRepository.swift */ = {isa = PBXFileReference; lastKnownFileType = sourcecode.swift; path = CountriesRepository.swift; sourceTree = "<group>"; };
		647FCB1D2724527400402522 /* CountryDto.swift */ = {isa = PBXFileReference; lastKnownFileType = sourcecode.swift; path = CountryDto.swift; sourceTree = "<group>"; };
		647FCB212724770000402522 /* FlagsRepository.swift */ = {isa = PBXFileReference; lastKnownFileType = sourcecode.swift; path = FlagsRepository.swift; sourceTree = "<group>"; };
		647FCB242724771F00402522 /* TheFlagsRepository.swift */ = {isa = PBXFileReference; lastKnownFileType = sourcecode.swift; path = TheFlagsRepository.swift; sourceTree = "<group>"; };
		647FCB272724781000402522 /* CountryDetailsDto.swift */ = {isa = PBXFileReference; lastKnownFileType = sourcecode.swift; path = CountryDetailsDto.swift; sourceTree = "<group>"; };
		647FCB2C272484FA00402522 /* VisibilityViewModel.swift */ = {isa = PBXFileReference; lastKnownFileType = sourcecode.swift; path = VisibilityViewModel.swift; sourceTree = "<group>"; };
		64868F16272F882400C9E3B6 /* RetryDelegate.swift */ = {isa = PBXFileReference; lastKnownFileType = sourcecode.swift; path = RetryDelegate.swift; sourceTree = "<group>"; };
		64868F1A272F884400C9E3B6 /* NavigateBackDelegate.swift */ = {isa = PBXFileReference; lastKnownFileType = sourcecode.swift; path = NavigateBackDelegate.swift; sourceTree = "<group>"; };
		6493405226F0A1BC0090F826 /* FlagViewModel.swift */ = {isa = PBXFileReference; lastKnownFileType = sourcecode.swift; path = FlagViewModel.swift; sourceTree = "<group>"; };
		6496025427217B9B00261A42 /* RemoteCountriesSource.swift */ = {isa = PBXFileReference; lastKnownFileType = sourcecode.swift; path = RemoteCountriesSource.swift; sourceTree = "<group>"; };
		6496025827217DD200261A42 /* LocalPersistenceSource.swift */ = {isa = PBXFileReference; lastKnownFileType = sourcecode.swift; path = LocalPersistenceSource.swift; sourceTree = "<group>"; };
		6496025C2721846500261A42 /* RemoteFlagsSource.swift */ = {isa = PBXFileReference; lastKnownFileType = sourcecode.swift; path = RemoteFlagsSource.swift; sourceTree = "<group>"; };
		64C894A92703CD0500920812 /* FlagPediaSource.swift */ = {isa = PBXFileReference; lastKnownFileType = sourcecode.swift; path = FlagPediaSource.swift; sourceTree = "<group>"; };
		64C894D52704D25100920812 /* RatioConstrainedImageView.swift */ = {isa = PBXFileReference; lastKnownFileType = sourcecode.swift; path = RatioConstrainedImageView.swift; sourceTree = "<group>"; };
		64C894D82704DCB800920812 /* DetailFlagImageView.swift */ = {isa = PBXFileReference; lastKnownFileType = sourcecode.swift; path = DetailFlagImageView.swift; sourceTree = "<group>"; };
		64C894E42706492C00920812 /* DetailView.swift */ = {isa = PBXFileReference; lastKnownFileType = sourcecode.swift; path = DetailView.swift; sourceTree = "<group>"; };
		64C894E727064ECD00920812 /* Assets.swift */ = {isa = PBXFileReference; lastKnownFileType = sourcecode.swift; path = Assets.swift; sourceTree = "<group>"; };
		64C895002707B2C400920812 /* Constants.swift */ = {isa = PBXFileReference; lastKnownFileType = sourcecode.swift; path = Constants.swift; sourceTree = "<group>"; };
		64C94038272F027A00E68789 /* CountryListViewController+View.swift */ = {isa = PBXFileReference; lastKnownFileType = sourcecode.swift; path = "CountryListViewController+View.swift"; sourceTree = "<group>"; };
		64D9CEAD271FF54900A53794 /* DetailsEntity+CoreDataClass.swift */ = {isa = PBXFileReference; lastKnownFileType = sourcecode.swift; path = "DetailsEntity+CoreDataClass.swift"; sourceTree = "<group>"; };
		64D9CEAE271FF54900A53794 /* DetailsEntity+CoreDataProperties.swift */ = {isa = PBXFileReference; lastKnownFileType = sourcecode.swift; path = "DetailsEntity+CoreDataProperties.swift"; sourceTree = "<group>"; };
		64D9CEAF271FF54900A53794 /* FlagEntity+CoreDataClass.swift */ = {isa = PBXFileReference; lastKnownFileType = sourcecode.swift; path = "FlagEntity+CoreDataClass.swift"; sourceTree = "<group>"; };
		64D9CEB0271FF54900A53794 /* FlagEntity+CoreDataProperties.swift */ = {isa = PBXFileReference; lastKnownFileType = sourcecode.swift; path = "FlagEntity+CoreDataProperties.swift"; sourceTree = "<group>"; };
		64D9CEB1271FF54900A53794 /* LanguageEntity+CoreDataClass.swift */ = {isa = PBXFileReference; lastKnownFileType = sourcecode.swift; path = "LanguageEntity+CoreDataClass.swift"; sourceTree = "<group>"; };
		64D9CEB2271FF54900A53794 /* LanguageEntity+CoreDataProperties.swift */ = {isa = PBXFileReference; lastKnownFileType = sourcecode.swift; path = "LanguageEntity+CoreDataProperties.swift"; sourceTree = "<group>"; };
		64D9CEB3271FF54900A53794 /* CurrencyEntity+CoreDataClass.swift */ = {isa = PBXFileReference; lastKnownFileType = sourcecode.swift; path = "CurrencyEntity+CoreDataClass.swift"; sourceTree = "<group>"; };
		64D9CEB4271FF54900A53794 /* CurrencyEntity+CoreDataProperties.swift */ = {isa = PBXFileReference; lastKnownFileType = sourcecode.swift; path = "CurrencyEntity+CoreDataProperties.swift"; sourceTree = "<group>"; };
		64DD417926B12CD9007E5135 /* Kontry_UIKit.app */ = {isa = PBXFileReference; explicitFileType = wrapper.application; includeInIndex = 0; path = Kontry_UIKit.app; sourceTree = BUILT_PRODUCTS_DIR; };
		64DD417C26B12CD9007E5135 /* AppDelegate.swift */ = {isa = PBXFileReference; lastKnownFileType = sourcecode.swift; path = AppDelegate.swift; sourceTree = "<group>"; };
		64DD417E26B12CD9007E5135 /* SceneDelegate.swift */ = {isa = PBXFileReference; lastKnownFileType = sourcecode.swift; path = SceneDelegate.swift; sourceTree = "<group>"; };
		64DD418326B12CD9007E5135 /* Base */ = {isa = PBXFileReference; lastKnownFileType = file.storyboard; name = Base; path = Base.lproj/Main.storyboard; sourceTree = "<group>"; };
		64DD418526B12CDC007E5135 /* Assets.xcassets */ = {isa = PBXFileReference; lastKnownFileType = folder.assetcatalog; path = Assets.xcassets; sourceTree = "<group>"; };
		64DD418826B12CDC007E5135 /* Base */ = {isa = PBXFileReference; lastKnownFileType = file.storyboard; name = Base; path = Base.lproj/LaunchScreen.storyboard; sourceTree = "<group>"; };
		64DD418A26B12CDC007E5135 /* Info.plist */ = {isa = PBXFileReference; lastKnownFileType = text.plist.xml; path = Info.plist; sourceTree = "<group>"; };
		64DD419426B12F77007E5135 /* CountryListViewController.swift */ = {isa = PBXFileReference; lastKnownFileType = sourcecode.swift; path = CountryListViewController.swift; sourceTree = "<group>"; };
		64E9ECAE2700B52700578960 /* NavigationBarView.swift */ = {isa = PBXFileReference; lastKnownFileType = sourcecode.swift; path = NavigationBarView.swift; sourceTree = "<group>"; };
/* End PBXFileReference section */

/* Begin PBXFrameworksBuildPhase section */
		64DD417626B12CD9007E5135 /* Frameworks */ = {
			isa = PBXFrameworksBuildPhase;
			buildActionMask = 2147483647;
			files = (
			);
			runOnlyForDeploymentPostprocessing = 0;
		};
/* End PBXFrameworksBuildPhase section */

/* Begin PBXGroup section */
		6446D43C272F381E00773B2C /* Error */ = {
			isa = PBXGroup;
			children = (
				6446D469272F6CE400773B2C /* KontryError.swift */,
				6446D43D272F383500773B2C /* PersistenceError.swift */,
			);
			path = Error;
			sourceTree = "<group>";
		};
		6446D46E272F810D00773B2C /* Extension */ = {
			isa = PBXGroup;
			children = (
				6446D46F272F812500773B2C /* Extension+UITraitCollection.swift */,
				6446D474272F814900773B2C /* Extension+Array.swift */,
				6446D477272F816000773B2C /* Extension+String.swift */,
				6446D47C272F818F00773B2C /* Extension+NSSet.swift */,
			);
			path = Extension;
			sourceTree = "<group>";
		};
		644B8A8B26C2BFC00078C727 /* Utility */ = {
			isa = PBXGroup;
			children = (
				64C894E727064ECD00920812 /* Assets.swift */,
				64C895002707B2C400920812 /* Constants.swift */,
			);
			path = Utility;
			sourceTree = "<group>";
		};
		6455089C26D44CFA00796628 /* DataSource */ = {
			isa = PBXGroup;
			children = (
				6455089D26D44D3D00796628 /* RestCountriesSource.swift */,
				64C894A92703CD0500920812 /* FlagPediaSource.swift */,
				647E0E8727117A2B00628198 /* CoreDataSource.swift */,
				6496025227217B6800261A42 /* Protocol */,
			);
			path = DataSource;
			sourceTree = "<group>";
		};
		647D37FD26D288D40050C292 /* Repository */ = {
			isa = PBXGroup;
			children = (
				647FCB1327244DBB00402522 /* TheCountriesRepository.swift */,
				647FCB242724771F00402522 /* TheFlagsRepository.swift */,
				647FCB1727244DC300402522 /* Protocols */,
			);
			path = Repository;
			sourceTree = "<group>";
		};
		647FCB0227244A1400402522 /* Home - CountryList */ = {
			isa = PBXGroup;
			children = (
				647FCB1027244B3700402522 /* ViewController */,
				647FCB0427244A3100402522 /* Model */,
				647FCB0327244A2400402522 /* View */,
				647FCB0527244A3800402522 /* ViewModel */,
			);
			path = "Home - CountryList";
			sourceTree = "<group>";
		};
		647FCB0327244A2400402522 /* View */ = {
			isa = PBXGroup;
			children = (
				645508A226D7400800796628 /* CountryCell.swift */,
			);
			path = View;
			sourceTree = "<group>";
		};
		647FCB0427244A3100402522 /* Model */ = {
			isa = PBXGroup;
			children = (
				644B8A9E26C2F3170078C727 /* CountryModel.swift */,
				647FCB1D2724527400402522 /* CountryDto.swift */,
			);
			path = Model;
			sourceTree = "<group>";
		};
		647FCB0527244A3800402522 /* ViewModel */ = {
			isa = PBXGroup;
			children = (
				644B8A9826C2D4EA0078C727 /* CountryListViewModel.swift */,
			);
			path = ViewModel;
			sourceTree = "<group>";
		};
		647FCB0827244A8600402522 /* Details - CountryDetails */ = {
			isa = PBXGroup;
			children = (
				647FCB1127244B4500402522 /* ViewController */,
				647FCB0927244A9200402522 /* Model */,
				647FCB0A27244A9600402522 /* View */,
				647FCB0B27244A9B00402522 /* ViewModel */,
			);
			path = "Details - CountryDetails";
			sourceTree = "<group>";
		};
		647FCB0927244A9200402522 /* Model */ = {
			isa = PBXGroup;
			children = (
				644B8A9326C2C2F20078C727 /* CountryDetailsModel.swift */,
				647FCB272724781000402522 /* CountryDetailsDto.swift */,
			);
			path = Model;
			sourceTree = "<group>";
		};
		647FCB0A27244A9600402522 /* View */ = {
			isa = PBXGroup;
			children = (
				64E9ECAE2700B52700578960 /* NavigationBarView.swift */,
				64C894D82704DCB800920812 /* DetailFlagImageView.swift */,
				64C894E42706492C00920812 /* DetailView.swift */,
			);
			path = View;
			sourceTree = "<group>";
		};
		647FCB0B27244A9B00402522 /* ViewModel */ = {
			isa = PBXGroup;
			children = (
				640AD1DC26FC830600410895 /* CountryDetailsViewModel.swift */,
			);
			path = ViewModel;
			sourceTree = "<group>";
		};
		647FCB0C27244ACC00402522 /* Common */ = {
			isa = PBXGroup;
			children = (
				647FCB0F27244AE100402522 /* View */,
				647FCB0D27244AD600402522 /* ViewModel */,
			);
			path = Common;
			sourceTree = "<group>";
		};
		647FCB0D27244AD600402522 /* ViewModel */ = {
			isa = PBXGroup;
			children = (
				6493405226F0A1BC0090F826 /* FlagViewModel.swift */,
				647FCB2C272484FA00402522 /* VisibilityViewModel.swift */,
			);
			path = ViewModel;
			sourceTree = "<group>";
		};
		647FCB0F27244AE100402522 /* View */ = {
			isa = PBXGroup;
			children = (
				640AD1E426FCA53700410895 /* LoadingView.swift */,
				640AD1ED26FCC9A100410895 /* RetryErrorView.swift */,
				64C894D52704D25100920812 /* RatioConstrainedImageView.swift */,
			);
			path = View;
			sourceTree = "<group>";
		};
		647FCB1027244B3700402522 /* ViewController */ = {
			isa = PBXGroup;
			children = (
				64DD419426B12F77007E5135 /* CountryListViewController.swift */,
				64C94038272F027A00E68789 /* CountryListViewController+View.swift */,
			);
			path = ViewController;
			sourceTree = "<group>";
		};
		647FCB1127244B4500402522 /* ViewController */ = {
			isa = PBXGroup;
			children = (
				640AD1D926FC82E400410895 /* CountryDetailsViewController.swift */,
				6446D439272F19E400773B2C /* CountryDetailsViewController+View.swift */,
			);
			path = ViewController;
			sourceTree = "<group>";
		};
		647FCB1727244DC300402522 /* Protocols */ = {
			isa = PBXGroup;
			children = (
				647FCB1927244F8400402522 /* CountriesRepository.swift */,
				647FCB212724770000402522 /* FlagsRepository.swift */,
			);
			path = Protocols;
			sourceTree = "<group>";
		};
		64868F1D272F885500C9E3B6 /* Delegate */ = {
			isa = PBXGroup;
			children = (
				64868F16272F882400C9E3B6 /* RetryDelegate.swift */,
				64868F1A272F884400C9E3B6 /* NavigateBackDelegate.swift */,
			);
			path = Delegate;
			sourceTree = "<group>";
		};
		6496025227217B6800261A42 /* Protocol */ = {
			isa = PBXGroup;
			children = (
				6496025427217B9B00261A42 /* RemoteCountriesSource.swift */,
				6496025C2721846500261A42 /* RemoteFlagsSource.swift */,
				6496025827217DD200261A42 /* LocalPersistenceSource.swift */,
			);
			path = Protocol;
			sourceTree = "<group>";
		};
		64DD417026B12CD9007E5135 = {
			isa = PBXGroup;
			children = (
				64D9CEAD271FF54900A53794 /* DetailsEntity+CoreDataClass.swift */,
				64D9CEAE271FF54900A53794 /* DetailsEntity+CoreDataProperties.swift */,
				64D9CEAF271FF54900A53794 /* FlagEntity+CoreDataClass.swift */,
				64D9CEB0271FF54900A53794 /* FlagEntity+CoreDataProperties.swift */,
				64D9CEB1271FF54900A53794 /* LanguageEntity+CoreDataClass.swift */,
				64D9CEB2271FF54900A53794 /* LanguageEntity+CoreDataProperties.swift */,
				64D9CEB3271FF54900A53794 /* CurrencyEntity+CoreDataClass.swift */,
				64D9CEB4271FF54900A53794 /* CurrencyEntity+CoreDataProperties.swift */,
				64DD417B26B12CD9007E5135 /* Kontry_UIKit */,
				64DD417A26B12CD9007E5135 /* Products */,
			);
			sourceTree = "<group>";
		};
		64DD417A26B12CD9007E5135 /* Products */ = {
			isa = PBXGroup;
			children = (
				64DD417926B12CD9007E5135 /* Kontry_UIKit.app */,
			);
			name = Products;
			sourceTree = "<group>";
		};
		64DD417B26B12CD9007E5135 /* Kontry_UIKit */ = {
			isa = PBXGroup;
			children = (
				64DD419126B12D7E007E5135 /* App */,
				647FCB0227244A1400402522 /* Home - CountryList */,
				647FCB0827244A8600402522 /* Details - CountryDetails */,
				647FCB0C27244ACC00402522 /* Common */,
				647D37FD26D288D40050C292 /* Repository */,
				6455089C26D44CFA00796628 /* DataSource */,
				64868F1D272F885500C9E3B6 /* Delegate */,
				6446D46E272F810D00773B2C /* Extension */,
				6446D43C272F381E00773B2C /* Error */,
				644B8A8B26C2BFC00078C727 /* Utility */,
				64DD418226B12CD9007E5135 /* Main.storyboard */,
				64DD418526B12CDC007E5135 /* Assets.xcassets */,
				64DD418726B12CDC007E5135 /* LaunchScreen.storyboard */,
				64DD418A26B12CDC007E5135 /* Info.plist */,
				647E0E8A27117A7600628198 /* Kontry.xcdatamodeld */,
			);
			path = Kontry_UIKit;
			sourceTree = "<group>";
		};
		64DD419126B12D7E007E5135 /* App */ = {
			isa = PBXGroup;
			children = (
				64DD417C26B12CD9007E5135 /* AppDelegate.swift */,
				64DD417E26B12CD9007E5135 /* SceneDelegate.swift */,
				647E0E842711788B00628198 /* CoreDataStack.swift */,
			);
			path = App;
			sourceTree = "<group>";
		};
/* End PBXGroup section */

/* Begin PBXNativeTarget section */
		64DD417826B12CD9007E5135 /* Kontry_UIKit */ = {
			isa = PBXNativeTarget;
			buildConfigurationList = 64DD418D26B12CDC007E5135 /* Build configuration list for PBXNativeTarget "Kontry_UIKit" */;
			buildPhases = (
				64DD417526B12CD9007E5135 /* Sources */,
				64DD417626B12CD9007E5135 /* Frameworks */,
				64DD417726B12CD9007E5135 /* Resources */,
			);
			buildRules = (
			);
			dependencies = (
			);
			name = Kontry_UIKit;
			productName = Kontry_UIKit;
			productReference = 64DD417926B12CD9007E5135 /* Kontry_UIKit.app */;
			productType = "com.apple.product-type.application";
		};
/* End PBXNativeTarget section */

/* Begin PBXProject section */
		64DD417126B12CD9007E5135 /* Project object */ = {
			isa = PBXProject;
			attributes = {
				LastSwiftUpdateCheck = 1240;
				LastUpgradeCheck = 1240;
				TargetAttributes = {
					64DD417826B12CD9007E5135 = {
						CreatedOnToolsVersion = 12.4;
					};
				};
			};
			buildConfigurationList = 64DD417426B12CD9007E5135 /* Build configuration list for PBXProject "Kontry_UIKit" */;
			compatibilityVersion = "Xcode 9.3";
			developmentRegion = en;
			hasScannedForEncodings = 0;
			knownRegions = (
				en,
				Base,
			);
			mainGroup = 64DD417026B12CD9007E5135;
			productRefGroup = 64DD417A26B12CD9007E5135 /* Products */;
			projectDirPath = "";
			projectRoot = "";
			targets = (
				64DD417826B12CD9007E5135 /* Kontry_UIKit */,
			);
		};
/* End PBXProject section */

/* Begin PBXResourcesBuildPhase section */
		64DD417726B12CD9007E5135 /* Resources */ = {
			isa = PBXResourcesBuildPhase;
			buildActionMask = 2147483647;
			files = (
				64DD418926B12CDC007E5135 /* LaunchScreen.storyboard in Resources */,
				64DD418626B12CDC007E5135 /* Assets.xcassets in Resources */,
				64DD418426B12CD9007E5135 /* Main.storyboard in Resources */,
			);
			runOnlyForDeploymentPostprocessing = 0;
		};
/* End PBXResourcesBuildPhase section */

/* Begin PBXSourcesBuildPhase section */
		64DD417526B12CD9007E5135 /* Sources */ = {
			isa = PBXSourcesBuildPhase;
			buildActionMask = 2147483647;
			files = (
				64D9CEBA271FF54900A53794 /* LanguageEntity+CoreDataProperties.swift in Sources */,
				6496025D2721846500261A42 /* RemoteFlagsSource.swift in Sources */,
				647E0E8827117A2B00628198 /* CoreDataSource.swift in Sources */,
				644B8A9F26C2F3170078C727 /* CountryModel.swift in Sources */,
				644B8A9426C2C2F20078C727 /* CountryDetailsModel.swift in Sources */,
				645508A426D7400800796628 /* CountryCell.swift in Sources */,
				64D9CEB8271FF54900A53794 /* FlagEntity+CoreDataProperties.swift in Sources */,
				6446D46A272F6CE400773B2C /* KontryError.swift in Sources */,
				647E0E8C27117A7600628198 /* Kontry.xcdatamodeld in Sources */,
				647E0E852711788B00628198 /* CoreDataStack.swift in Sources */,
				64868F17272F882400C9E3B6 /* RetryDelegate.swift in Sources */,
				64DD419526B12F77007E5135 /* CountryListViewController.swift in Sources */,
				6446D43E272F383500773B2C /* PersistenceError.swift in Sources */,
				6446D43A272F19E400773B2C /* CountryDetailsViewController+View.swift in Sources */,
				64D9CEBB271FF54900A53794 /* CurrencyEntity+CoreDataClass.swift in Sources */,
				64D9CEB5271FF54900A53794 /* DetailsEntity+CoreDataClass.swift in Sources */,
				64D9CEB7271FF54900A53794 /* FlagEntity+CoreDataClass.swift in Sources */,
				64E9ECAF2700B52800578960 /* NavigationBarView.swift in Sources */,
				647FCB1427244DBB00402522 /* TheCountriesRepository.swift in Sources */,
				640AD1EE26FCC9A100410895 /* RetryErrorView.swift in Sources */,
				64C895012707B2C400920812 /* Constants.swift in Sources */,
				64C894D92704DCB800920812 /* DetailFlagImageView.swift in Sources */,
				64D9CEB6271FF54900A53794 /* DetailsEntity+CoreDataProperties.swift in Sources */,
				647FCB252724771F00402522 /* TheFlagsRepository.swift in Sources */,
				64868F1B272F884400C9E3B6 /* NavigateBackDelegate.swift in Sources */,
				64C894E52706492C00920812 /* DetailView.swift in Sources */,
				647FCB2D272484FB00402522 /* VisibilityViewModel.swift in Sources */,
				640AD1DD26FC830600410895 /* CountryDetailsViewModel.swift in Sources */,
				640AD1E526FCA53700410895 /* LoadingView.swift in Sources */,
				6496025927217DD200261A42 /* LocalPersistenceSource.swift in Sources */,
				6446D47D272F818F00773B2C /* Extension+NSSet.swift in Sources */,
				64DD417D26B12CD9007E5135 /* AppDelegate.swift in Sources */,
				64DD417F26B12CD9007E5135 /* SceneDelegate.swift in Sources */,
				64C894E827064ECD00920812 /* Assets.swift in Sources */,
				64C94039272F027A00E68789 /* CountryListViewController+View.swift in Sources */,
				647FCB222724770000402522 /* FlagsRepository.swift in Sources */,
				6446D475272F814900773B2C /* Extension+Array.swift in Sources */,
				6496025527217B9B00261A42 /* RemoteCountriesSource.swift in Sources */,
				647FCB1E2724527400402522 /* CountryDto.swift in Sources */,
				644B8A9926C2D4EA0078C727 /* CountryListViewModel.swift in Sources */,
				6446D478272F816000773B2C /* Extension+String.swift in Sources */,
				6493405326F0A1BC0090F826 /* FlagViewModel.swift in Sources */,
				640AD1DA26FC82E400410895 /* CountryDetailsViewController.swift in Sources */,
				64C894D62704D25100920812 /* RatioConstrainedImageView.swift in Sources */,
				64D9CEBC271FF54900A53794 /* CurrencyEntity+CoreDataProperties.swift in Sources */,
				6455089E26D44D3D00796628 /* RestCountriesSource.swift in Sources */,
				6446D470272F812500773B2C /* Extension+UITraitCollection.swift in Sources */,
				64D9CEB9271FF54900A53794 /* LanguageEntity+CoreDataClass.swift in Sources */,
				64C894AA2703CD0500920812 /* FlagPediaSource.swift in Sources */,
				647FCB1A27244F8400402522 /* CountriesRepository.swift in Sources */,
				647FCB282724781000402522 /* CountryDetailsDto.swift in Sources */,
			);
			runOnlyForDeploymentPostprocessing = 0;
		};
/* End PBXSourcesBuildPhase section */

/* Begin PBXVariantGroup section */
		64DD418226B12CD9007E5135 /* Main.storyboard */ = {
			isa = PBXVariantGroup;
			children = (
				64DD418326B12CD9007E5135 /* Base */,
			);
			name = Main.storyboard;
			sourceTree = "<group>";
		};
		64DD418726B12CDC007E5135 /* LaunchScreen.storyboard */ = {
			isa = PBXVariantGroup;
			children = (
				64DD418826B12CDC007E5135 /* Base */,
			);
			name = LaunchScreen.storyboard;
			sourceTree = "<group>";
		};
/* End PBXVariantGroup section */

/* Begin XCBuildConfiguration section */
		64DD418B26B12CDC007E5135 /* Debug */ = {
			isa = XCBuildConfiguration;
			buildSettings = {
				ALWAYS_SEARCH_USER_PATHS = NO;
				CLANG_ANALYZER_NONNULL = YES;
				CLANG_ANALYZER_NUMBER_OBJECT_CONVERSION = YES_AGGRESSIVE;
				CLANG_CXX_LANGUAGE_STANDARD = "gnu++14";
				CLANG_CXX_LIBRARY = "libc++";
				CLANG_ENABLE_MODULES = YES;
				CLANG_ENABLE_OBJC_ARC = YES;
				CLANG_ENABLE_OBJC_WEAK = YES;
				CLANG_WARN_BLOCK_CAPTURE_AUTORELEASING = YES;
				CLANG_WARN_BOOL_CONVERSION = YES;
				CLANG_WARN_COMMA = YES;
				CLANG_WARN_CONSTANT_CONVERSION = YES;
				CLANG_WARN_DEPRECATED_OBJC_IMPLEMENTATIONS = YES;
				CLANG_WARN_DIRECT_OBJC_ISA_USAGE = YES_ERROR;
				CLANG_WARN_DOCUMENTATION_COMMENTS = YES;
				CLANG_WARN_EMPTY_BODY = YES;
				CLANG_WARN_ENUM_CONVERSION = YES;
				CLANG_WARN_INFINITE_RECURSION = YES;
				CLANG_WARN_INT_CONVERSION = YES;
				CLANG_WARN_NON_LITERAL_NULL_CONVERSION = YES;
				CLANG_WARN_OBJC_IMPLICIT_RETAIN_SELF = YES;
				CLANG_WARN_OBJC_LITERAL_CONVERSION = YES;
				CLANG_WARN_OBJC_ROOT_CLASS = YES_ERROR;
				CLANG_WARN_QUOTED_INCLUDE_IN_FRAMEWORK_HEADER = YES;
				CLANG_WARN_RANGE_LOOP_ANALYSIS = YES;
				CLANG_WARN_STRICT_PROTOTYPES = YES;
				CLANG_WARN_SUSPICIOUS_MOVE = YES;
				CLANG_WARN_UNGUARDED_AVAILABILITY = YES_AGGRESSIVE;
				CLANG_WARN_UNREACHABLE_CODE = YES;
				CLANG_WARN__DUPLICATE_METHOD_MATCH = YES;
				COPY_PHASE_STRIP = NO;
				DEBUG_INFORMATION_FORMAT = dwarf;
				ENABLE_STRICT_OBJC_MSGSEND = YES;
				ENABLE_TESTABILITY = YES;
				GCC_C_LANGUAGE_STANDARD = gnu11;
				GCC_DYNAMIC_NO_PIC = NO;
				GCC_NO_COMMON_BLOCKS = YES;
				GCC_OPTIMIZATION_LEVEL = 0;
				GCC_PREPROCESSOR_DEFINITIONS = (
					"DEBUG=1",
					"$(inherited)",
				);
				GCC_WARN_64_TO_32_BIT_CONVERSION = YES;
				GCC_WARN_ABOUT_RETURN_TYPE = YES_ERROR;
				GCC_WARN_UNDECLARED_SELECTOR = YES;
				GCC_WARN_UNINITIALIZED_AUTOS = YES_AGGRESSIVE;
				GCC_WARN_UNUSED_FUNCTION = YES;
				GCC_WARN_UNUSED_VARIABLE = YES;
				IPHONEOS_DEPLOYMENT_TARGET = 14.4;
				MTL_ENABLE_DEBUG_INFO = INCLUDE_SOURCE;
				MTL_FAST_MATH = YES;
				ONLY_ACTIVE_ARCH = YES;
				SDKROOT = iphoneos;
				SWIFT_ACTIVE_COMPILATION_CONDITIONS = DEBUG;
				SWIFT_OPTIMIZATION_LEVEL = "-Onone";
			};
			name = Debug;
		};
		64DD418C26B12CDC007E5135 /* Release */ = {
			isa = XCBuildConfiguration;
			buildSettings = {
				ALWAYS_SEARCH_USER_PATHS = NO;
				CLANG_ANALYZER_NONNULL = YES;
				CLANG_ANALYZER_NUMBER_OBJECT_CONVERSION = YES_AGGRESSIVE;
				CLANG_CXX_LANGUAGE_STANDARD = "gnu++14";
				CLANG_CXX_LIBRARY = "libc++";
				CLANG_ENABLE_MODULES = YES;
				CLANG_ENABLE_OBJC_ARC = YES;
				CLANG_ENABLE_OBJC_WEAK = YES;
				CLANG_WARN_BLOCK_CAPTURE_AUTORELEASING = YES;
				CLANG_WARN_BOOL_CONVERSION = YES;
				CLANG_WARN_COMMA = YES;
				CLANG_WARN_CONSTANT_CONVERSION = YES;
				CLANG_WARN_DEPRECATED_OBJC_IMPLEMENTATIONS = YES;
				CLANG_WARN_DIRECT_OBJC_ISA_USAGE = YES_ERROR;
				CLANG_WARN_DOCUMENTATION_COMMENTS = YES;
				CLANG_WARN_EMPTY_BODY = YES;
				CLANG_WARN_ENUM_CONVERSION = YES;
				CLANG_WARN_INFINITE_RECURSION = YES;
				CLANG_WARN_INT_CONVERSION = YES;
				CLANG_WARN_NON_LITERAL_NULL_CONVERSION = YES;
				CLANG_WARN_OBJC_IMPLICIT_RETAIN_SELF = YES;
				CLANG_WARN_OBJC_LITERAL_CONVERSION = YES;
				CLANG_WARN_OBJC_ROOT_CLASS = YES_ERROR;
				CLANG_WARN_QUOTED_INCLUDE_IN_FRAMEWORK_HEADER = YES;
				CLANG_WARN_RANGE_LOOP_ANALYSIS = YES;
				CLANG_WARN_STRICT_PROTOTYPES = YES;
				CLANG_WARN_SUSPICIOUS_MOVE = YES;
				CLANG_WARN_UNGUARDED_AVAILABILITY = YES_AGGRESSIVE;
				CLANG_WARN_UNREACHABLE_CODE = YES;
				CLANG_WARN__DUPLICATE_METHOD_MATCH = YES;
				COPY_PHASE_STRIP = NO;
				DEBUG_INFORMATION_FORMAT = "dwarf-with-dsym";
				ENABLE_NS_ASSERTIONS = NO;
				ENABLE_STRICT_OBJC_MSGSEND = YES;
				GCC_C_LANGUAGE_STANDARD = gnu11;
				GCC_NO_COMMON_BLOCKS = YES;
				GCC_WARN_64_TO_32_BIT_CONVERSION = YES;
				GCC_WARN_ABOUT_RETURN_TYPE = YES_ERROR;
				GCC_WARN_UNDECLARED_SELECTOR = YES;
				GCC_WARN_UNINITIALIZED_AUTOS = YES_AGGRESSIVE;
				GCC_WARN_UNUSED_FUNCTION = YES;
				GCC_WARN_UNUSED_VARIABLE = YES;
				IPHONEOS_DEPLOYMENT_TARGET = 14.4;
				MTL_ENABLE_DEBUG_INFO = NO;
				MTL_FAST_MATH = YES;
				SDKROOT = iphoneos;
				SWIFT_COMPILATION_MODE = wholemodule;
				SWIFT_OPTIMIZATION_LEVEL = "-O";
				VALIDATE_PRODUCT = YES;
			};
			name = Release;
		};
		64DD418E26B12CDC007E5135 /* Debug */ = {
			isa = XCBuildConfiguration;
			buildSettings = {
				ASSETCATALOG_COMPILER_APPICON_NAME = AppIcon;
				ASSETCATALOG_COMPILER_GLOBAL_ACCENT_COLOR_NAME = AccentColor;
				CODE_SIGN_STYLE = Automatic;
				INFOPLIST_FILE = Kontry_UIKit/Info.plist;
				LD_RUNPATH_SEARCH_PATHS = (
					"$(inherited)",
					"@executable_path/Frameworks",
				);
				PRODUCT_BUNDLE_IDENTIFIER = "learn.shendy.Kontry-UIKit";
				PRODUCT_NAME = "$(TARGET_NAME)";
				SWIFT_VERSION = 5.0;
				TARGETED_DEVICE_FAMILY = "1,2";
			};
			name = Debug;
		};
		64DD418F26B12CDC007E5135 /* Release */ = {
			isa = XCBuildConfiguration;
			buildSettings = {
				ASSETCATALOG_COMPILER_APPICON_NAME = AppIcon;
				ASSETCATALOG_COMPILER_GLOBAL_ACCENT_COLOR_NAME = AccentColor;
				CODE_SIGN_STYLE = Automatic;
				INFOPLIST_FILE = Kontry_UIKit/Info.plist;
				LD_RUNPATH_SEARCH_PATHS = (
					"$(inherited)",
					"@executable_path/Frameworks",
				);
				PRODUCT_BUNDLE_IDENTIFIER = "learn.shendy.Kontry-UIKit";
				PRODUCT_NAME = "$(TARGET_NAME)";
				SWIFT_VERSION = 5.0;
				TARGETED_DEVICE_FAMILY = "1,2";
			};
			name = Release;
		};
/* End XCBuildConfiguration section */

/* Begin XCConfigurationList section */
		64DD417426B12CD9007E5135 /* Build configuration list for PBXProject "Kontry_UIKit" */ = {
			isa = XCConfigurationList;
			buildConfigurations = (
				64DD418B26B12CDC007E5135 /* Debug */,
				64DD418C26B12CDC007E5135 /* Release */,
			);
			defaultConfigurationIsVisible = 0;
			defaultConfigurationName = Release;
		};
		64DD418D26B12CDC007E5135 /* Build configuration list for PBXNativeTarget "Kontry_UIKit" */ = {
			isa = XCConfigurationList;
			buildConfigurations = (
				64DD418E26B12CDC007E5135 /* Debug */,
				64DD418F26B12CDC007E5135 /* Release */,
			);
			defaultConfigurationIsVisible = 0;
			defaultConfigurationName = Release;
		};
/* End XCConfigurationList section */

/* Begin XCVersionGroup section */
		647E0E8A27117A7600628198 /* Kontry.xcdatamodeld */ = {
			isa = XCVersionGroup;
			children = (
				647E0E8B27117A7600628198 /* Kontry.xcdatamodel */,
			);
			currentVersion = 647E0E8B27117A7600628198 /* Kontry.xcdatamodel */;
			path = Kontry.xcdatamodeld;
			sourceTree = "<group>";
			versionGroupType = wrapper.xcdatamodel;
		};
/* End XCVersionGroup section */
	};
	rootObject = 64DD417126B12CD9007E5135 /* Project object */;
}
