// !$*UTF8*$!
{
	archiveVersion = 1;
	classes = {
	};
	objectVersion = 50;
	objects = {

/* Begin PBXBuildFile section */
		644B8A8D26C2BFE40078C727 /* RestCountriesAPI.swift in Sources */ = {isa = PBXBuildFile; fileRef = 644B8A8C26C2BFE40078C727 /* RestCountriesAPI.swift */; };
		644B8A9426C2C2F20078C727 /* CountryDetailModel.swift in Sources */ = {isa = PBXBuildFile; fileRef = 644B8A9326C2C2F20078C727 /* CountryDetailModel.swift */; };
		644B8A9926C2D4EA0078C727 /* CountryListViewModel.swift in Sources */ = {isa = PBXBuildFile; fileRef = 644B8A9826C2D4EA0078C727 /* CountryListViewModel.swift */; };
		644B8A9F26C2F3170078C727 /* CountryModel.swift in Sources */ = {isa = PBXBuildFile; fileRef = 644B8A9E26C2F3170078C727 /* CountryModel.swift */; };
		6455089E26D44D3D00796628 /* RestCountriesService.swift in Sources */ = {isa = PBXBuildFile; fileRef = 6455089D26D44D3D00796628 /* RestCountriesService.swift */; };
		645508A426D7400800796628 /* CountryCell.swift in Sources */ = {isa = PBXBuildFile; fileRef = 645508A226D7400800796628 /* CountryCell.swift */; };
		645508A526D7400800796628 /* CountryCell.xib in Resources */ = {isa = PBXBuildFile; fileRef = 645508A326D7400800796628 /* CountryCell.xib */; };
		646D395F26F915D7009E3BD4 /* Extensions.swift in Sources */ = {isa = PBXBuildFile; fileRef = 646D395E26F915D7009E3BD4 /* Extensions.swift */; };
		647720ED26ED05EF004FB8F3 /* CountryFlagsAPI.swift in Sources */ = {isa = PBXBuildFile; fileRef = 647720EC26ED05EF004FB8F3 /* CountryFlagsAPI.swift */; };
		647720F026ED0858004FB8F3 /* CountryFlagsService.swift in Sources */ = {isa = PBXBuildFile; fileRef = 647720EF26ED0858004FB8F3 /* CountryFlagsService.swift */; };
		647D37FB26D288CF0050C292 /* Repository.swift in Sources */ = {isa = PBXBuildFile; fileRef = 647D37FA26D288CF0050C292 /* Repository.swift */; };
		6493404F26EF98B80090F826 /* Enums.swift in Sources */ = {isa = PBXBuildFile; fileRef = 6493404E26EF98B80090F826 /* Enums.swift */; };
		6493405326F0A1BC0090F826 /* CountryCellViewModel.swift in Sources */ = {isa = PBXBuildFile; fileRef = 6493405226F0A1BC0090F826 /* CountryCellViewModel.swift */; };
		64DD417D26B12CD9007E5135 /* AppDelegate.swift in Sources */ = {isa = PBXBuildFile; fileRef = 64DD417C26B12CD9007E5135 /* AppDelegate.swift */; };
		64DD417F26B12CD9007E5135 /* SceneDelegate.swift in Sources */ = {isa = PBXBuildFile; fileRef = 64DD417E26B12CD9007E5135 /* SceneDelegate.swift */; };
		64DD418426B12CD9007E5135 /* Main.storyboard in Resources */ = {isa = PBXBuildFile; fileRef = 64DD418226B12CD9007E5135 /* Main.storyboard */; };
		64DD418626B12CDC007E5135 /* Assets.xcassets in Resources */ = {isa = PBXBuildFile; fileRef = 64DD418526B12CDC007E5135 /* Assets.xcassets */; };
		64DD418926B12CDC007E5135 /* LaunchScreen.storyboard in Resources */ = {isa = PBXBuildFile; fileRef = 64DD418726B12CDC007E5135 /* LaunchScreen.storyboard */; };
		64DD419526B12F77007E5135 /* CountryListViewController.swift in Sources */ = {isa = PBXBuildFile; fileRef = 64DD419426B12F77007E5135 /* CountryListViewController.swift */; };
/* End PBXBuildFile section */

/* Begin PBXFileReference section */
		644B8A8C26C2BFE40078C727 /* RestCountriesAPI.swift */ = {isa = PBXFileReference; lastKnownFileType = sourcecode.swift; path = RestCountriesAPI.swift; sourceTree = "<group>"; };
		644B8A9326C2C2F20078C727 /* CountryDetailModel.swift */ = {isa = PBXFileReference; lastKnownFileType = sourcecode.swift; path = CountryDetailModel.swift; sourceTree = "<group>"; };
		644B8A9826C2D4EA0078C727 /* CountryListViewModel.swift */ = {isa = PBXFileReference; lastKnownFileType = sourcecode.swift; path = CountryListViewModel.swift; sourceTree = "<group>"; };
		644B8A9E26C2F3170078C727 /* CountryModel.swift */ = {isa = PBXFileReference; lastKnownFileType = sourcecode.swift; path = CountryModel.swift; sourceTree = "<group>"; };
		6455089D26D44D3D00796628 /* RestCountriesService.swift */ = {isa = PBXFileReference; lastKnownFileType = sourcecode.swift; path = RestCountriesService.swift; sourceTree = "<group>"; };
		645508A226D7400800796628 /* CountryCell.swift */ = {isa = PBXFileReference; lastKnownFileType = sourcecode.swift; path = CountryCell.swift; sourceTree = "<group>"; };
		645508A326D7400800796628 /* CountryCell.xib */ = {isa = PBXFileReference; lastKnownFileType = file.xib; path = CountryCell.xib; sourceTree = "<group>"; };
		646D395E26F915D7009E3BD4 /* Extensions.swift */ = {isa = PBXFileReference; lastKnownFileType = sourcecode.swift; path = Extensions.swift; sourceTree = "<group>"; };
		647720EC26ED05EF004FB8F3 /* CountryFlagsAPI.swift */ = {isa = PBXFileReference; lastKnownFileType = sourcecode.swift; path = CountryFlagsAPI.swift; sourceTree = "<group>"; };
		647720EF26ED0858004FB8F3 /* CountryFlagsService.swift */ = {isa = PBXFileReference; lastKnownFileType = sourcecode.swift; path = CountryFlagsService.swift; sourceTree = "<group>"; };
		647D37FA26D288CF0050C292 /* Repository.swift */ = {isa = PBXFileReference; lastKnownFileType = sourcecode.swift; path = Repository.swift; sourceTree = "<group>"; };
		6493404E26EF98B80090F826 /* Enums.swift */ = {isa = PBXFileReference; lastKnownFileType = sourcecode.swift; path = Enums.swift; sourceTree = "<group>"; };
		6493405226F0A1BC0090F826 /* CountryCellViewModel.swift */ = {isa = PBXFileReference; lastKnownFileType = sourcecode.swift; path = CountryCellViewModel.swift; sourceTree = "<group>"; };
		64DD417926B12CD9007E5135 /* Kontry_UIKit.app */ = {isa = PBXFileReference; explicitFileType = wrapper.application; includeInIndex = 0; path = Kontry_UIKit.app; sourceTree = BUILT_PRODUCTS_DIR; };
		64DD417C26B12CD9007E5135 /* AppDelegate.swift */ = {isa = PBXFileReference; lastKnownFileType = sourcecode.swift; path = AppDelegate.swift; sourceTree = "<group>"; };
		64DD417E26B12CD9007E5135 /* SceneDelegate.swift */ = {isa = PBXFileReference; lastKnownFileType = sourcecode.swift; path = SceneDelegate.swift; sourceTree = "<group>"; };
		64DD418326B12CD9007E5135 /* Base */ = {isa = PBXFileReference; lastKnownFileType = file.storyboard; name = Base; path = Base.lproj/Main.storyboard; sourceTree = "<group>"; };
		64DD418526B12CDC007E5135 /* Assets.xcassets */ = {isa = PBXFileReference; lastKnownFileType = folder.assetcatalog; path = Assets.xcassets; sourceTree = "<group>"; };
		64DD418826B12CDC007E5135 /* Base */ = {isa = PBXFileReference; lastKnownFileType = file.storyboard; name = Base; path = Base.lproj/LaunchScreen.storyboard; sourceTree = "<group>"; };
		64DD418A26B12CDC007E5135 /* Info.plist */ = {isa = PBXFileReference; lastKnownFileType = text.plist.xml; path = Info.plist; sourceTree = "<group>"; };
		64DD419426B12F77007E5135 /* CountryListViewController.swift */ = {isa = PBXFileReference; lastKnownFileType = sourcecode.swift; path = CountryListViewController.swift; sourceTree = "<group>"; };
/* End PBXFileReference section */

/* Begin PBXFrameworksBuildPhase section */
		64DD417626B12CD9007E5135 /* Frameworks */ = {
			isa = PBXFrameworksBuildPhase;
			buildActionMask = 2147483647;
			files = (
			);
			runOnlyForDeploymentPostprocessing = 0;
		};
/* End PBXFrameworksBuildPhase section */

/* Begin PBXGroup section */
		644B8A8B26C2BFC00078C727 /* Utility */ = {
			isa = PBXGroup;
			children = (
				644B8A8C26C2BFE40078C727 /* RestCountriesAPI.swift */,
				647720EC26ED05EF004FB8F3 /* CountryFlagsAPI.swift */,
				6493404E26EF98B80090F826 /* Enums.swift */,
				646D395E26F915D7009E3BD4 /* Extensions.swift */,
			);
			path = Utility;
			sourceTree = "<group>";
		};
		644B8A9226C2C2E00078C727 /* Model */ = {
			isa = PBXGroup;
			children = (
				644B8A9326C2C2F20078C727 /* CountryDetailModel.swift */,
				644B8A9E26C2F3170078C727 /* CountryModel.swift */,
			);
			path = Model;
			sourceTree = "<group>";
		};
		644B8A9726C2D4D70078C727 /* ViewModel */ = {
			isa = PBXGroup;
			children = (
				644B8A9826C2D4EA0078C727 /* CountryListViewModel.swift */,
				6493405226F0A1BC0090F826 /* CountryCellViewModel.swift */,
			);
			path = ViewModel;
			sourceTree = "<group>";
		};
		6455089C26D44CFA00796628 /* Service */ = {
			isa = PBXGroup;
			children = (
				6455089D26D44D3D00796628 /* RestCountriesService.swift */,
				647720EF26ED0858004FB8F3 /* CountryFlagsService.swift */,
			);
			path = Service;
			sourceTree = "<group>";
		};
		645508A126D73FD200796628 /* View */ = {
			isa = PBXGroup;
			children = (
				645508A226D7400800796628 /* CountryCell.swift */,
				645508A326D7400800796628 /* CountryCell.xib */,
			);
			path = View;
			sourceTree = "<group>";
		};
		647D37FD26D288D40050C292 /* Repository */ = {
			isa = PBXGroup;
			children = (
				647D37FA26D288CF0050C292 /* Repository.swift */,
			);
			path = Repository;
			sourceTree = "<group>";
		};
		64DD417026B12CD9007E5135 = {
			isa = PBXGroup;
			children = (
				64DD417B26B12CD9007E5135 /* Kontry_UIKit */,
				64DD417A26B12CD9007E5135 /* Products */,
			);
			sourceTree = "<group>";
		};
		64DD417A26B12CD9007E5135 /* Products */ = {
			isa = PBXGroup;
			children = (
				64DD417926B12CD9007E5135 /* Kontry_UIKit.app */,
			);
			name = Products;
			sourceTree = "<group>";
		};
		64DD417B26B12CD9007E5135 /* Kontry_UIKit */ = {
			isa = PBXGroup;
			children = (
				64DD419126B12D7E007E5135 /* App */,
				64DD419226B12D87007E5135 /* View Controller */,
				644B8A9226C2C2E00078C727 /* Model */,
				645508A126D73FD200796628 /* View */,
				644B8A9726C2D4D70078C727 /* ViewModel */,
				647D37FD26D288D40050C292 /* Repository */,
				6455089C26D44CFA00796628 /* Service */,
				644B8A8B26C2BFC00078C727 /* Utility */,
				64DD418226B12CD9007E5135 /* Main.storyboard */,
				64DD418526B12CDC007E5135 /* Assets.xcassets */,
				64DD418726B12CDC007E5135 /* LaunchScreen.storyboard */,
				64DD418A26B12CDC007E5135 /* Info.plist */,
			);
			path = Kontry_UIKit;
			sourceTree = "<group>";
		};
		64DD419126B12D7E007E5135 /* App */ = {
			isa = PBXGroup;
			children = (
				64DD417C26B12CD9007E5135 /* AppDelegate.swift */,
				64DD417E26B12CD9007E5135 /* SceneDelegate.swift */,
			);
			path = App;
			sourceTree = "<group>";
		};
		64DD419226B12D87007E5135 /* View Controller */ = {
			isa = PBXGroup;
			children = (
				64DD419426B12F77007E5135 /* CountryListViewController.swift */,
			);
			path = "View Controller";
			sourceTree = "<group>";
		};
/* End PBXGroup section */

/* Begin PBXNativeTarget section */
		64DD417826B12CD9007E5135 /* Kontry_UIKit */ = {
			isa = PBXNativeTarget;
			buildConfigurationList = 64DD418D26B12CDC007E5135 /* Build configuration list for PBXNativeTarget "Kontry_UIKit" */;
			buildPhases = (
				64DD417526B12CD9007E5135 /* Sources */,
				64DD417626B12CD9007E5135 /* Frameworks */,
				64DD417726B12CD9007E5135 /* Resources */,
			);
			buildRules = (
			);
			dependencies = (
			);
			name = Kontry_UIKit;
			productName = Kontry_UIKit;
			productReference = 64DD417926B12CD9007E5135 /* Kontry_UIKit.app */;
			productType = "com.apple.product-type.application";
		};
/* End PBXNativeTarget section */

/* Begin PBXProject section */
		64DD417126B12CD9007E5135 /* Project object */ = {
			isa = PBXProject;
			attributes = {
				LastSwiftUpdateCheck = 1240;
				LastUpgradeCheck = 1240;
				TargetAttributes = {
					64DD417826B12CD9007E5135 = {
						CreatedOnToolsVersion = 12.4;
					};
				};
			};
			buildConfigurationList = 64DD417426B12CD9007E5135 /* Build configuration list for PBXProject "Kontry_UIKit" */;
			compatibilityVersion = "Xcode 9.3";
			developmentRegion = en;
			hasScannedForEncodings = 0;
			knownRegions = (
				en,
				Base,
			);
			mainGroup = 64DD417026B12CD9007E5135;
			productRefGroup = 64DD417A26B12CD9007E5135 /* Products */;
			projectDirPath = "";
			projectRoot = "";
			targets = (
				64DD417826B12CD9007E5135 /* Kontry_UIKit */,
			);
		};
/* End PBXProject section */

/* Begin PBXResourcesBuildPhase section */
		64DD417726B12CD9007E5135 /* Resources */ = {
			isa = PBXResourcesBuildPhase;
			buildActionMask = 2147483647;
			files = (
				645508A526D7400800796628 /* CountryCell.xib in Resources */,
				64DD418926B12CDC007E5135 /* LaunchScreen.storyboard in Resources */,
				64DD418626B12CDC007E5135 /* Assets.xcassets in Resources */,
				64DD418426B12CD9007E5135 /* Main.storyboard in Resources */,
			);
			runOnlyForDeploymentPostprocessing = 0;
		};
/* End PBXResourcesBuildPhase section */

/* Begin PBXSourcesBuildPhase section */
		64DD417526B12CD9007E5135 /* Sources */ = {
			isa = PBXSourcesBuildPhase;
			buildActionMask = 2147483647;
			files = (
				644B8A9F26C2F3170078C727 /* CountryModel.swift in Sources */,
				644B8A9426C2C2F20078C727 /* CountryDetailModel.swift in Sources */,
				645508A426D7400800796628 /* CountryCell.swift in Sources */,
				64DD419526B12F77007E5135 /* CountryListViewController.swift in Sources */,
				647720ED26ED05EF004FB8F3 /* CountryFlagsAPI.swift in Sources */,
				646D395F26F915D7009E3BD4 /* Extensions.swift in Sources */,
				647D37FB26D288CF0050C292 /* Repository.swift in Sources */,
				644B8A8D26C2BFE40078C727 /* RestCountriesAPI.swift in Sources */,
				6493404F26EF98B80090F826 /* Enums.swift in Sources */,
				64DD417D26B12CD9007E5135 /* AppDelegate.swift in Sources */,
				64DD417F26B12CD9007E5135 /* SceneDelegate.swift in Sources */,
				644B8A9926C2D4EA0078C727 /* CountryListViewModel.swift in Sources */,
				6493405326F0A1BC0090F826 /* CountryCellViewModel.swift in Sources */,
				647720F026ED0858004FB8F3 /* CountryFlagsService.swift in Sources */,
				6455089E26D44D3D00796628 /* RestCountriesService.swift in Sources */,
			);
			runOnlyForDeploymentPostprocessing = 0;
		};
/* End PBXSourcesBuildPhase section */

/* Begin PBXVariantGroup section */
		64DD418226B12CD9007E5135 /* Main.storyboard */ = {
			isa = PBXVariantGroup;
			children = (
				64DD418326B12CD9007E5135 /* Base */,
			);
			name = Main.storyboard;
			sourceTree = "<group>";
		};
		64DD418726B12CDC007E5135 /* LaunchScreen.storyboard */ = {
			isa = PBXVariantGroup;
			children = (
				64DD418826B12CDC007E5135 /* Base */,
			);
			name = LaunchScreen.storyboard;
			sourceTree = "<group>";
		};
/* End PBXVariantGroup section */

/* Begin XCBuildConfiguration section */
		64DD418B26B12CDC007E5135 /* Debug */ = {
			isa = XCBuildConfiguration;
			buildSettings = {
				ALWAYS_SEARCH_USER_PATHS = NO;
				CLANG_ANALYZER_NONNULL = YES;
				CLANG_ANALYZER_NUMBER_OBJECT_CONVERSION = YES_AGGRESSIVE;
				CLANG_CXX_LANGUAGE_STANDARD = "gnu++14";
				CLANG_CXX_LIBRARY = "libc++";
				CLANG_ENABLE_MODULES = YES;
				CLANG_ENABLE_OBJC_ARC = YES;
				CLANG_ENABLE_OBJC_WEAK = YES;
				CLANG_WARN_BLOCK_CAPTURE_AUTORELEASING = YES;
				CLANG_WARN_BOOL_CONVERSION = YES;
				CLANG_WARN_COMMA = YES;
				CLANG_WARN_CONSTANT_CONVERSION = YES;
				CLANG_WARN_DEPRECATED_OBJC_IMPLEMENTATIONS = YES;
				CLANG_WARN_DIRECT_OBJC_ISA_USAGE = YES_ERROR;
				CLANG_WARN_DOCUMENTATION_COMMENTS = YES;
				CLANG_WARN_EMPTY_BODY = YES;
				CLANG_WARN_ENUM_CONVERSION = YES;
				CLANG_WARN_INFINITE_RECURSION = YES;
				CLANG_WARN_INT_CONVERSION = YES;
				CLANG_WARN_NON_LITERAL_NULL_CONVERSION = YES;
				CLANG_WARN_OBJC_IMPLICIT_RETAIN_SELF = YES;
				CLANG_WARN_OBJC_LITERAL_CONVERSION = YES;
				CLANG_WARN_OBJC_ROOT_CLASS = YES_ERROR;
				CLANG_WARN_QUOTED_INCLUDE_IN_FRAMEWORK_HEADER = YES;
				CLANG_WARN_RANGE_LOOP_ANALYSIS = YES;
				CLANG_WARN_STRICT_PROTOTYPES = YES;
				CLANG_WARN_SUSPICIOUS_MOVE = YES;
				CLANG_WARN_UNGUARDED_AVAILABILITY = YES_AGGRESSIVE;
				CLANG_WARN_UNREACHABLE_CODE = YES;
				CLANG_WARN__DUPLICATE_METHOD_MATCH = YES;
				COPY_PHASE_STRIP = NO;
				DEBUG_INFORMATION_FORMAT = dwarf;
				ENABLE_STRICT_OBJC_MSGSEND = YES;
				ENABLE_TESTABILITY = YES;
				GCC_C_LANGUAGE_STANDARD = gnu11;
				GCC_DYNAMIC_NO_PIC = NO;
				GCC_NO_COMMON_BLOCKS = YES;
				GCC_OPTIMIZATION_LEVEL = 0;
				GCC_PREPROCESSOR_DEFINITIONS = (
					"DEBUG=1",
					"$(inherited)",
				);
				GCC_WARN_64_TO_32_BIT_CONVERSION = YES;
				GCC_WARN_ABOUT_RETURN_TYPE = YES_ERROR;
				GCC_WARN_UNDECLARED_SELECTOR = YES;
				GCC_WARN_UNINITIALIZED_AUTOS = YES_AGGRESSIVE;
				GCC_WARN_UNUSED_FUNCTION = YES;
				GCC_WARN_UNUSED_VARIABLE = YES;
				IPHONEOS_DEPLOYMENT_TARGET = 14.4;
				MTL_ENABLE_DEBUG_INFO = INCLUDE_SOURCE;
				MTL_FAST_MATH = YES;
				ONLY_ACTIVE_ARCH = YES;
				SDKROOT = iphoneos;
				SWIFT_ACTIVE_COMPILATION_CONDITIONS = DEBUG;
				SWIFT_OPTIMIZATION_LEVEL = "-Onone";
			};
			name = Debug;
		};
		64DD418C26B12CDC007E5135 /* Release */ = {
			isa = XCBuildConfiguration;
			buildSettings = {
				ALWAYS_SEARCH_USER_PATHS = NO;
				CLANG_ANALYZER_NONNULL = YES;
				CLANG_ANALYZER_NUMBER_OBJECT_CONVERSION = YES_AGGRESSIVE;
				CLANG_CXX_LANGUAGE_STANDARD = "gnu++14";
				CLANG_CXX_LIBRARY = "libc++";
				CLANG_ENABLE_MODULES = YES;
				CLANG_ENABLE_OBJC_ARC = YES;
				CLANG_ENABLE_OBJC_WEAK = YES;
				CLANG_WARN_BLOCK_CAPTURE_AUTORELEASING = YES;
				CLANG_WARN_BOOL_CONVERSION = YES;
				CLANG_WARN_COMMA = YES;
				CLANG_WARN_CONSTANT_CONVERSION = YES;
				CLANG_WARN_DEPRECATED_OBJC_IMPLEMENTATIONS = YES;
				CLANG_WARN_DIRECT_OBJC_ISA_USAGE = YES_ERROR;
				CLANG_WARN_DOCUMENTATION_COMMENTS = YES;
				CLANG_WARN_EMPTY_BODY = YES;
				CLANG_WARN_ENUM_CONVERSION = YES;
				CLANG_WARN_INFINITE_RECURSION = YES;
				CLANG_WARN_INT_CONVERSION = YES;
				CLANG_WARN_NON_LITERAL_NULL_CONVERSION = YES;
				CLANG_WARN_OBJC_IMPLICIT_RETAIN_SELF = YES;
				CLANG_WARN_OBJC_LITERAL_CONVERSION = YES;
				CLANG_WARN_OBJC_ROOT_CLASS = YES_ERROR;
				CLANG_WARN_QUOTED_INCLUDE_IN_FRAMEWORK_HEADER = YES;
				CLANG_WARN_RANGE_LOOP_ANALYSIS = YES;
				CLANG_WARN_STRICT_PROTOTYPES = YES;
				CLANG_WARN_SUSPICIOUS_MOVE = YES;
				CLANG_WARN_UNGUARDED_AVAILABILITY = YES_AGGRESSIVE;
				CLANG_WARN_UNREACHABLE_CODE = YES;
				CLANG_WARN__DUPLICATE_METHOD_MATCH = YES;
				COPY_PHASE_STRIP = NO;
				DEBUG_INFORMATION_FORMAT = "dwarf-with-dsym";
				ENABLE_NS_ASSERTIONS = NO;
				ENABLE_STRICT_OBJC_MSGSEND = YES;
				GCC_C_LANGUAGE_STANDARD = gnu11;
				GCC_NO_COMMON_BLOCKS = YES;
				GCC_WARN_64_TO_32_BIT_CONVERSION = YES;
				GCC_WARN_ABOUT_RETURN_TYPE = YES_ERROR;
				GCC_WARN_UNDECLARED_SELECTOR = YES;
				GCC_WARN_UNINITIALIZED_AUTOS = YES_AGGRESSIVE;
				GCC_WARN_UNUSED_FUNCTION = YES;
				GCC_WARN_UNUSED_VARIABLE = YES;
				IPHONEOS_DEPLOYMENT_TARGET = 14.4;
				MTL_ENABLE_DEBUG_INFO = NO;
				MTL_FAST_MATH = YES;
				SDKROOT = iphoneos;
				SWIFT_COMPILATION_MODE = wholemodule;
				SWIFT_OPTIMIZATION_LEVEL = "-O";
				VALIDATE_PRODUCT = YES;
			};
			name = Release;
		};
		64DD418E26B12CDC007E5135 /* Debug */ = {
			isa = XCBuildConfiguration;
			buildSettings = {
				ASSETCATALOG_COMPILER_APPICON_NAME = AppIcon;
				ASSETCATALOG_COMPILER_GLOBAL_ACCENT_COLOR_NAME = AccentColor;
				CODE_SIGN_STYLE = Automatic;
				INFOPLIST_FILE = Kontry_UIKit/Info.plist;
				LD_RUNPATH_SEARCH_PATHS = (
					"$(inherited)",
					"@executable_path/Frameworks",
				);
				PRODUCT_BUNDLE_IDENTIFIER = "learn.shendy.Kontry-UIKit";
				PRODUCT_NAME = "$(TARGET_NAME)";
				SWIFT_VERSION = 5.0;
				TARGETED_DEVICE_FAMILY = "1,2";
			};
			name = Debug;
		};
		64DD418F26B12CDC007E5135 /* Release */ = {
			isa = XCBuildConfiguration;
			buildSettings = {
				ASSETCATALOG_COMPILER_APPICON_NAME = AppIcon;
				ASSETCATALOG_COMPILER_GLOBAL_ACCENT_COLOR_NAME = AccentColor;
				CODE_SIGN_STYLE = Automatic;
				INFOPLIST_FILE = Kontry_UIKit/Info.plist;
				LD_RUNPATH_SEARCH_PATHS = (
					"$(inherited)",
					"@executable_path/Frameworks",
				);
				PRODUCT_BUNDLE_IDENTIFIER = "learn.shendy.Kontry-UIKit";
				PRODUCT_NAME = "$(TARGET_NAME)";
				SWIFT_VERSION = 5.0;
				TARGETED_DEVICE_FAMILY = "1,2";
			};
			name = Release;
		};
/* End XCBuildConfiguration section */

/* Begin XCConfigurationList section */
		64DD417426B12CD9007E5135 /* Build configuration list for PBXProject "Kontry_UIKit" */ = {
			isa = XCConfigurationList;
			buildConfigurations = (
				64DD418B26B12CDC007E5135 /* Debug */,
				64DD418C26B12CDC007E5135 /* Release */,
			);
			defaultConfigurationIsVisible = 0;
			defaultConfigurationName = Release;
		};
		64DD418D26B12CDC007E5135 /* Build configuration list for PBXNativeTarget "Kontry_UIKit" */ = {
			isa = XCConfigurationList;
			buildConfigurations = (
				64DD418E26B12CDC007E5135 /* Debug */,
				64DD418F26B12CDC007E5135 /* Release */,
			);
			defaultConfigurationIsVisible = 0;
			defaultConfigurationName = Release;
		};
/* End XCConfigurationList section */
	};
	rootObject = 64DD417126B12CD9007E5135 /* Project object */;
}
